
Microsoft Visual Studio Solution File, Format Version 12.00
# Visual Studio Version 16
VisualStudioVersion = 16.0.30523.141
MinimumVisualStudioVersion = 10.0.40219.1
Project("{9A19103F-16F7-4668-BE54-9A1E7A4F7556}") = "Interview Web App", "Interview Web App\Interview Web App.csproj", "{70EA61AD-8105-425D-A535-0D954BE471F4}"
EndProject
Project("{9A19103F-16F7-4668-BE54-9A1E7A4F7556}") = "Interview Web API", "Interview Web API\Interview Web API.csproj", "{2F508007-0998-4421-B1C7-57A8FE875B33}"
EndProject
Project("{FAE04EC0-301F-11D3-BF4B-00C04F79EFBC}") = "Interview Console App", "Interview Console App\Interview Console App.csproj", "{05FC3180-B179-4FE7-AB2F-EDE049EDEF85}"
EndProject
Global
	GlobalSection(SolutionConfigurationPlatforms) = preSolution
		Debug|Any CPU = Debug|Any CPU
		Release|Any CPU = Release|Any CPU
	EndGlobalSection
	GlobalSection(ProjectConfigurationPlatforms) = postSolution
		{70EA61AD-8105-425D-A535-0D954BE471F4}.Debug|Any CPU.ActiveCfg = Debug|Any CPU
		{70EA61AD-8105-425D-A535-0D954BE471F4}.Debug|Any CPU.Build.0 = Debug|Any CPU
		{70EA61AD-8105-425D-A535-0D954BE471F4}.Release|Any CPU.ActiveCfg = Release|Any CPU
		{70EA61AD-8105-425D-A535-0D954BE471F4}.Release|Any CPU.Build.0 = Release|Any CPU
		{2F508007-0998-4421-B1C7-57A8FE875B33}.Debug|Any CPU.ActiveCfg = Debug|Any CPU
		{2F508007-0998-4421-B1C7-57A8FE875B33}.Debug|Any CPU.Build.0 = Debug|Any CPU
		{2F508007-0998-4421-B1C7-57A8FE875B33}.Release|Any CPU.ActiveCfg = Release|Any CPU
		{2F508007-0998-4421-B1C7-57A8FE875B33}.Release|Any CPU.Build.0 = Release|Any CPU
		{05FC3180-B179-4FE7-AB2F-EDE049EDEF85}.Debug|Any CPU.ActiveCfg = Debug|Any CPU
		{05FC3180-B179-4FE7-AB2F-EDE049EDEF85}.Debug|Any CPU.Build.0 = Debug|Any CPU
		{05FC3180-B179-4FE7-AB2F-EDE049EDEF85}.Release|Any CPU.ActiveCfg = Release|Any CPU
		{05FC3180-B179-4FE7-AB2F-EDE049EDEF85}.Release|Any CPU.Build.0 = Release|Any CPU
	EndGlobalSection
	GlobalSection(SolutionProperties) = preSolution
		HideSolutionNode = FALSE
	EndGlobalSection
	GlobalSection(ExtensibilityGlobals) = postSolution
		SolutionGuid = {883F28AF-084F-47C6-9B49-17B357E81040}
	EndGlobalSection
EndGlobal
